
Microsoft Visual Studio Solution File, Format Version 12.00
# Visual Studio Version 17
VisualStudioVersion = 17.3.32929.385
MinimumVisualStudioVersion = 10.0.40219.1
Project("{FAE04EC0-301F-11D3-BF4B-00C04F79EFBC}") = "WebApi3", "WebApi3\WebApi3.csproj", "{21F898C7-F22F-42CA-9631-F8F7236D749D}"
EndProject
Global
	GlobalSection(SolutionConfigurationPlatforms) = preSolution
		Debug|Any CPU = Debug|Any CPU
		Release|Any CPU = Release|Any CPU
	EndGlobalSection
	GlobalSection(ProjectConfigurationPlatforms) = postSolution
		{21F898C7-F22F-42CA-9631-F8F7236D749D}.Debug|Any CPU.ActiveCfg = Debug|Any CPU
		{21F898C7-F22F-42CA-9631-F8F7236D749D}.Debug|Any CPU.Build.0 = Debug|Any CPU
		{21F898C7-F22F-42CA-9631-F8F7236D749D}.Release|Any CPU.ActiveCfg = Release|Any CPU
		{21F898C7-F22F-42CA-9631-F8F7236D749D}.Release|Any CPU.Build.0 = Release|Any CPU
	EndGlobalSection
	GlobalSection(SolutionProperties) = preSolution
		HideSolutionNode = FALSE
	EndGlobalSection
	GlobalSection(ExtensibilityGlobals) = postSolution
		SolutionGuid = {08FFAB0D-46EF-4B8B-98C7-3E805CA6A531}
	EndGlobalSection
EndGlobal
